
Microsoft Visual Studio Solution File, Format Version 12.00
# Visual Studio 14
VisualStudioVersion = 14.0.25420.1
MinimumVisualStudioVersion = 10.0.40219.1
Project("{FAE04EC0-301F-11D3-BF4B-00C04F79EFBC}") = "KountRisSdk", "SDK\KountRisSdk.csproj", "{623B98A9-3DE7-431F-A582-D102F4F2CD3D}"
EndProject
Project("{FAE04EC0-301F-11D3-BF4B-00C04F79EFBC}") = "KountRisTest", "KountRisTest\KountRisTest.csproj", "{204F2B91-82BB-461E-9300-53A2146FD1F2}"
EndProject
Project("{2150E333-8FDC-42A3-9474-1A3956D46DE8}") = "docs", "docs", "{D7DE17B0-8A8C-4901-9B18-800238618BB4}"
	ProjectSection(SolutionItems) = preProject
		docs\spec_guide.pdf = docs\spec_guide.pdf
	EndProjectSection
EndProject
Project("{2150E333-8FDC-42A3-9474-1A3956D46DE8}") = "builds", "builds", "{33A324A3-5FB6-4E4B-BBE8-1308AD39DED7}"
	ProjectSection(SolutionItems) = preProject
		builds\build_sdk.bat = builds\build_sdk.bat
		builds\buildSdk.ps1 = builds\buildSdk.ps1
		builds\create_nuGet_package.bat = builds\create_nuGet_package.bat
		builds\docFX_run.bat = builds\docFX_run.bat
		builds\Get-DotNet-Version.ps1 = builds\Get-DotNet-Version.ps1
		builds\nuget.exe = builds\nuget.exe
		builds\Test-ServerSSLSupport.ps1 = builds\Test-ServerSSLSupport.ps1
		builds\zipBuild.ps1 = builds\zipBuild.ps1
	EndProjectSection
EndProject
Project("{FAE04EC0-301F-11D3-BF4B-00C04F79EFBC}") = "KountRisConfigTest", "KountRisConfigTest\KountRisConfigTest.csproj", "{CB941125-AA04-4176-A8FA-7292289ACEFA}"
EndProject
Global
	GlobalSection(SolutionConfigurationPlatforms) = preSolution
		Debug|Any CPU = Debug|Any CPU
		Release|Any CPU = Release|Any CPU
	EndGlobalSection
	GlobalSection(ProjectConfigurationPlatforms) = postSolution
		{623B98A9-3DE7-431F-A582-D102F4F2CD3D}.Debug|Any CPU.ActiveCfg = Debug|Any CPU
		{623B98A9-3DE7-431F-A582-D102F4F2CD3D}.Debug|Any CPU.Build.0 = Debug|Any CPU
		{623B98A9-3DE7-431F-A582-D102F4F2CD3D}.Release|Any CPU.ActiveCfg = Release|Any CPU
		{623B98A9-3DE7-431F-A582-D102F4F2CD3D}.Release|Any CPU.Build.0 = Release|Any CPU
		{204F2B91-82BB-461E-9300-53A2146FD1F2}.Debug|Any CPU.ActiveCfg = Debug|Any CPU
		{204F2B91-82BB-461E-9300-53A2146FD1F2}.Debug|Any CPU.Build.0 = Debug|Any CPU
		{204F2B91-82BB-461E-9300-53A2146FD1F2}.Release|Any CPU.ActiveCfg = Release|Any CPU
		{204F2B91-82BB-461E-9300-53A2146FD1F2}.Release|Any CPU.Build.0 = Release|Any CPU
		{CB941125-AA04-4176-A8FA-7292289ACEFA}.Debug|Any CPU.ActiveCfg = Debug|Any CPU
		{CB941125-AA04-4176-A8FA-7292289ACEFA}.Debug|Any CPU.Build.0 = Debug|Any CPU
		{CB941125-AA04-4176-A8FA-7292289ACEFA}.Release|Any CPU.ActiveCfg = Release|Any CPU
		{CB941125-AA04-4176-A8FA-7292289ACEFA}.Release|Any CPU.Build.0 = Release|Any CPU
	EndGlobalSection
	GlobalSection(SolutionProperties) = preSolution
		HideSolutionNode = FALSE
	EndGlobalSection
EndGlobal
